
Microsoft Visual Studio Solution File, Format Version 12.00
# Visual Studio Version 17
VisualStudioVersion = 17.11.35312.102
MinimumVisualStudioVersion = 10.0.40219.1
Project("{FAE04EC0-301F-11D3-BF4B-00C04F79EFBC}") = "School_Project_wepApp", "School_Project_wepApp\School_Project_wepApp.csproj", "{11734595-4081-42A4-B6EF-533AD9373F76}"
EndProject
Project("{2150E333-8FDC-42A3-9474-1A3956D46DE8}") = "Data", "Data", "{8CFA81E9-4B03-400D-9901-AEA9F8812CD7}"
EndProject
Project("{FAE04EC0-301F-11D3-BF4B-00C04F79EFBC}") = "SchoolApp.Data", "SchoolApp.Data\SchoolApp.Data.csproj", "{91DA69E6-17F3-48A3-B1D8-5E09B5152E31}"
EndProject
Project("{FAE04EC0-301F-11D3-BF4B-00C04F79EFBC}") = "SchoolApp.Data.Models", "SchoolApp.Data.Models\SchoolApp.Data.Models.csproj", "{8A8052B0-4BFA-4FFD-AD51-F4C34ED99D5B}"
EndProject
Global
	GlobalSection(SolutionConfigurationPlatforms) = preSolution
		Debug|Any CPU = Debug|Any CPU
		Release|Any CPU = Release|Any CPU
	EndGlobalSection
	GlobalSection(ProjectConfigurationPlatforms) = postSolution
		{11734595-4081-42A4-B6EF-533AD9373F76}.Debug|Any CPU.ActiveCfg = Debug|Any CPU
		{11734595-4081-42A4-B6EF-533AD9373F76}.Debug|Any CPU.Build.0 = Debug|Any CPU
		{11734595-4081-42A4-B6EF-533AD9373F76}.Release|Any CPU.ActiveCfg = Release|Any CPU
		{11734595-4081-42A4-B6EF-533AD9373F76}.Release|Any CPU.Build.0 = Release|Any CPU
		{91DA69E6-17F3-48A3-B1D8-5E09B5152E31}.Debug|Any CPU.ActiveCfg = Debug|Any CPU
		{91DA69E6-17F3-48A3-B1D8-5E09B5152E31}.Debug|Any CPU.Build.0 = Debug|Any CPU
		{91DA69E6-17F3-48A3-B1D8-5E09B5152E31}.Release|Any CPU.ActiveCfg = Release|Any CPU
		{91DA69E6-17F3-48A3-B1D8-5E09B5152E31}.Release|Any CPU.Build.0 = Release|Any CPU
		{8A8052B0-4BFA-4FFD-AD51-F4C34ED99D5B}.Debug|Any CPU.ActiveCfg = Debug|Any CPU
		{8A8052B0-4BFA-4FFD-AD51-F4C34ED99D5B}.Debug|Any CPU.Build.0 = Debug|Any CPU
		{8A8052B0-4BFA-4FFD-AD51-F4C34ED99D5B}.Release|Any CPU.ActiveCfg = Release|Any CPU
		{8A8052B0-4BFA-4FFD-AD51-F4C34ED99D5B}.Release|Any CPU.Build.0 = Release|Any CPU
	EndGlobalSection
	GlobalSection(SolutionProperties) = preSolution
		HideSolutionNode = FALSE
	EndGlobalSection
	GlobalSection(NestedProjects) = preSolution
		{91DA69E6-17F3-48A3-B1D8-5E09B5152E31} = {8CFA81E9-4B03-400D-9901-AEA9F8812CD7}
		{8A8052B0-4BFA-4FFD-AD51-F4C34ED99D5B} = {8CFA81E9-4B03-400D-9901-AEA9F8812CD7}
	EndGlobalSection
	GlobalSection(ExtensibilityGlobals) = postSolution
		SolutionGuid = {83D016EC-A1CD-4CF1-995D-B94ED0FD1AD0}
	EndGlobalSection
EndGlobal
